
Microsoft Visual Studio Solution File, Format Version 12.00
# Visual Studio 15
VisualStudioVersion = 15.0.28307.168
MinimumVisualStudioVersion = 10.0.40219.1
Project("{8BC9CEB8-8B4A-11D0-8D11-00A0C91BC942}") = "1_TwoSum", "1_TwoSum\1_TwoSum.vcxproj", "{7B9A0B00-EB48-44D8-9B4A-8747C5BA2AFE}"
EndProject
Project("{8BC9CEB8-8B4A-11D0-8D11-00A0C91BC942}") = "2_AddTwoNumbers", "2_AddTwoNumbers\2_AddTwoNumbers.vcxproj", "{C325562D-9AD6-4129-AF3E-FE5B94327826}"
EndProject
Global
	GlobalSection(SolutionConfigurationPlatforms) = preSolution
		Debug|x64 = Debug|x64
		Debug|x86 = Debug|x86
		Release|x64 = Release|x64
		Release|x86 = Release|x86
	EndGlobalSection
	GlobalSection(ProjectConfigurationPlatforms) = postSolution
		{7B9A0B00-EB48-44D8-9B4A-8747C5BA2AFE}.Debug|x64.ActiveCfg = Debug|x64
		{7B9A0B00-EB48-44D8-9B4A-8747C5BA2AFE}.Debug|x64.Build.0 = Debug|x64
		{7B9A0B00-EB48-44D8-9B4A-8747C5BA2AFE}.Debug|x86.ActiveCfg = Debug|Win32
		{7B9A0B00-EB48-44D8-9B4A-8747C5BA2AFE}.Debug|x86.Build.0 = Debug|Win32
		{7B9A0B00-EB48-44D8-9B4A-8747C5BA2AFE}.Release|x64.ActiveCfg = Release|x64
		{7B9A0B00-EB48-44D8-9B4A-8747C5BA2AFE}.Release|x64.Build.0 = Release|x64
		{7B9A0B00-EB48-44D8-9B4A-8747C5BA2AFE}.Release|x86.ActiveCfg = Release|Win32
		{7B9A0B00-EB48-44D8-9B4A-8747C5BA2AFE}.Release|x86.Build.0 = Release|Win32
		{C325562D-9AD6-4129-AF3E-FE5B94327826}.Debug|x64.ActiveCfg = Debug|x64
		{C325562D-9AD6-4129-AF3E-FE5B94327826}.Debug|x64.Build.0 = Debug|x64
		{C325562D-9AD6-4129-AF3E-FE5B94327826}.Debug|x86.ActiveCfg = Debug|Win32
		{C325562D-9AD6-4129-AF3E-FE5B94327826}.Debug|x86.Build.0 = Debug|Win32
		{C325562D-9AD6-4129-AF3E-FE5B94327826}.Release|x64.ActiveCfg = Release|x64
		{C325562D-9AD6-4129-AF3E-FE5B94327826}.Release|x64.Build.0 = Release|x64
		{C325562D-9AD6-4129-AF3E-FE5B94327826}.Release|x86.ActiveCfg = Release|Win32
		{C325562D-9AD6-4129-AF3E-FE5B94327826}.Release|x86.Build.0 = Release|Win32
	EndGlobalSection
	GlobalSection(SolutionProperties) = preSolution
		HideSolutionNode = FALSE
	EndGlobalSection
	GlobalSection(ExtensibilityGlobals) = postSolution
		SolutionGuid = {16F0A7AF-2D38-4E07-812D-77E66C1D5036}
	EndGlobalSection
EndGlobal
